// !$*UTF8*$!
{
	archiveVersion = 1;
	classes = {
	};
	objectVersion = 46;
	objects = {

/* Begin PBXBuildFile section */
		577C25101CED077D00360149 /* Common.swift in Sources */ = {isa = PBXBuildFile; fileRef = 577C250F1CED077D00360149 /* Common.swift */; };
		578A2BC91CEF8C3C0034180F /* MainViewControllerDelegate.swift in Sources */ = {isa = PBXBuildFile; fileRef = 578A2BC81CEF8C3C0034180F /* MainViewControllerDelegate.swift */; };
		578A2BCB1CEF9FA60034180F /* ConnetionManager.swift in Sources */ = {isa = PBXBuildFile; fileRef = 578A2BCA1CEF9FA60034180F /* ConnetionManager.swift */; };
		578E1F1D1CF36EFD00B4E51D /* ProductSplitVC.swift in Sources */ = {isa = PBXBuildFile; fileRef = 578E1F1C1CF36EFD00B4E51D /* ProductSplitVC.swift */; };
		578E1F1F1CF3726600B4E51D /* FilterSplitVC.swift in Sources */ = {isa = PBXBuildFile; fileRef = 578E1F1E1CF3726600B4E51D /* FilterSplitVC.swift */; };
		578FDA9A1CEE28A50068A6DC /* Models.swift in Sources */ = {isa = PBXBuildFile; fileRef = 578FDA991CEE28A50068A6DC /* Models.swift */; };
		578FDA9C1CEE2D550068A6DC /* MainConnector.swift in Sources */ = {isa = PBXBuildFile; fileRef = 578FDA9B1CEE2D550068A6DC /* MainConnector.swift */; };
		578FDA9E1CEE3DC00068A6DC /* BuscapeGroupModels.swift in Sources */ = {isa = PBXBuildFile; fileRef = 578FDA9D1CEE3DC00068A6DC /* BuscapeGroupModels.swift */; };
		57A54A6A1CEE4E9F006F333F /* Extensions.swift in Sources */ = {isa = PBXBuildFile; fileRef = 57A54A691CEE4E9F006F333F /* Extensions.swift */; };
		57BC8BDA1CEBA9D7001AB292 /* GroupModels.swift in Sources */ = {isa = PBXBuildFile; fileRef = 57BC8BD91CEBA9D7001AB292 /* GroupModels.swift */; };
		57BF64F91CEA600E00298EA2 /* BuscapeModels.swift in Sources */ = {isa = PBXBuildFile; fileRef = 57BF64F51CEA600E00298EA2 /* BuscapeModels.swift */; };
		57BF64FA1CEA600E00298EA2 /* BuscapeAPI.swift in Sources */ = {isa = PBXBuildFile; fileRef = 57BF64F61CEA600E00298EA2 /* BuscapeAPI.swift */; };
		57BF64FB1CEA600E00298EA2 /* BuscapeConnector.swift in Sources */ = {isa = PBXBuildFile; fileRef = 57BF64F71CEA600E00298EA2 /* BuscapeConnector.swift */; };
		57EC6A1E1CEE553800ED0EA6 /* BuscapeParser.swift in Sources */ = {isa = PBXBuildFile; fileRef = 57EC6A1D1CEE553800ED0EA6 /* BuscapeParser.swift */; };
		E63D42CD1CEF7F1D00D574C9 /* LocalStorage.swift in Sources */ = {isa = PBXBuildFile; fileRef = E63D42CC1CEF7F1D00D574C9 /* LocalStorage.swift */; };
		E65B77051CEB92630054526E /* DefaultTableCell.xib in Resources */ = {isa = PBXBuildFile; fileRef = E65B77041CEB92630054526E /* DefaultTableCell.xib */; };
		E65B77081CEBA78E0054526E /* FavoritesVC.swift in Sources */ = {isa = PBXBuildFile; fileRef = E65B77061CEBA78E0054526E /* FavoritesVC.swift */; };
		E65B77091CEBA78E0054526E /* QRCode.swift in Sources */ = {isa = PBXBuildFile; fileRef = E65B77071CEBA78E0054526E /* QRCode.swift */; };
		E69AF08B1CF3804E00E2A2B3 /* CDProduct+CoreDataProperties.swift in Sources */ = {isa = PBXBuildFile; fileRef = E69AF0851CF3804E00E2A2B3 /* CDProduct+CoreDataProperties.swift */; };
		E69AF08C1CF3804E00E2A2B3 /* CDProduct.swift in Sources */ = {isa = PBXBuildFile; fileRef = E69AF0861CF3804E00E2A2B3 /* CDProduct.swift */; };
		E69AF08D1CF3804E00E2A2B3 /* CDFavoriteItem+CoreDataProperties.swift in Sources */ = {isa = PBXBuildFile; fileRef = E69AF0871CF3804E00E2A2B3 /* CDFavoriteItem+CoreDataProperties.swift */; };
		E69AF08E1CF3804E00E2A2B3 /* CDFavoriteItem.swift in Sources */ = {isa = PBXBuildFile; fileRef = E69AF0881CF3804E00E2A2B3 /* CDFavoriteItem.swift */; };
		E69AF08F1CF3804E00E2A2B3 /* CDHistoricItem+CoreDataProperties.swift in Sources */ = {isa = PBXBuildFile; fileRef = E69AF0891CF3804E00E2A2B3 /* CDHistoricItem+CoreDataProperties.swift */; };
		E69AF0901CF3804E00E2A2B3 /* CDHistoricItem.swift in Sources */ = {isa = PBXBuildFile; fileRef = E69AF08A1CF3804E00E2A2B3 /* CDHistoricItem.swift */; };
		E69AF0921CF38BD600E2A2B3 /* ProductDetailVC.swift in Sources */ = {isa = PBXBuildFile; fileRef = E69AF0911CF38BD600E2A2B3 /* ProductDetailVC.swift */; };
		E6CC77E31CE66F700046DF18 /* AppDelegate.swift in Sources */ = {isa = PBXBuildFile; fileRef = E6CC77E21CE66F700046DF18 /* AppDelegate.swift */; };
		E6CC77E51CE66F700046DF18 /* ViewController.swift in Sources */ = {isa = PBXBuildFile; fileRef = E6CC77E41CE66F700046DF18 /* ViewController.swift */; };
		E6CC77E81CE66F700046DF18 /* MiniChallengeTV.xcdatamodeld in Sources */ = {isa = PBXBuildFile; fileRef = E6CC77E61CE66F700046DF18 /* MiniChallengeTV.xcdatamodeld */; };
		E6CC77EB1CE66F700046DF18 /* Main.storyboard in Resources */ = {isa = PBXBuildFile; fileRef = E6CC77E91CE66F700046DF18 /* Main.storyboard */; };
		E6CC77ED1CE66F700046DF18 /* Assets.xcassets in Resources */ = {isa = PBXBuildFile; fileRef = E6CC77EC1CE66F700046DF18 /* Assets.xcassets */; };
		E6CC77F81CE66F700046DF18 /* MiniChallengeTVTests.swift in Sources */ = {isa = PBXBuildFile; fileRef = E6CC77F71CE66F700046DF18 /* MiniChallengeTVTests.swift */; };
		E6CC78031CE66F700046DF18 /* MiniChallengeTVUITests.swift in Sources */ = {isa = PBXBuildFile; fileRef = E6CC78021CE66F700046DF18 /* MiniChallengeTVUITests.swift */; };
		E6E8ACC41CEE25DB006012E9 /* ProductSpecificationVC.swift in Sources */ = {isa = PBXBuildFile; fileRef = E6E8ACC31CEE25DB006012E9 /* ProductSpecificationVC.swift */; };
		E6EF355C1CEE492200131D96 /* HistoricVC.swift in Sources */ = {isa = PBXBuildFile; fileRef = E6EF355B1CEE492200131D96 /* HistoricVC.swift */; };
		E6EF35601CEE496D00131D96 /* CategoriesVC.swift in Sources */ = {isa = PBXBuildFile; fileRef = E6EF355F1CEE496D00131D96 /* CategoriesVC.swift */; };
		E6EF35621CEE49EA00131D96 /* TopProductsVC.swift in Sources */ = {isa = PBXBuildFile; fileRef = E6EF35611CEE49EA00131D96 /* TopProductsVC.swift */; };
		E6EF35641CEE4A3000131D96 /* GenericCollectionCell.swift in Sources */ = {isa = PBXBuildFile; fileRef = E6EF35631CEE4A3000131D96 /* GenericCollectionCell.swift */; };
		E6EF35661CEE4AA000131D96 /* GenericTableCell.swift in Sources */ = {isa = PBXBuildFile; fileRef = E6EF35651CEE4AA000131D96 /* GenericTableCell.swift */; };
		E6EF35681CEE4E0300131D96 /* FilterOptionsVC.swift in Sources */ = {isa = PBXBuildFile; fileRef = E6EF35671CEE4E0300131D96 /* FilterOptionsVC.swift */; };
		E6EF356B1CEE4E2900131D96 /* FilterResultsVC.swift in Sources */ = {isa = PBXBuildFile; fileRef = E6EF356A1CEE4E2900131D96 /* FilterResultsVC.swift */; };
		E6EF356F1CEE4F9B00131D96 /* DefaultCollectionCell.xib in Resources */ = {isa = PBXBuildFile; fileRef = E6EF356E1CEE4F9B00131D96 /* DefaultCollectionCell.xib */; };
		E6F760901CEA543B0099B5A6 /* CoreDataManager.swift in Sources */ = {isa = PBXBuildFile; fileRef = E6F7608F1CEA543B0099B5A6 /* CoreDataManager.swift */; };
/* End PBXBuildFile section */

/* Begin PBXContainerItemProxy section */
		E6CC77F41CE66F700046DF18 /* PBXContainerItemProxy */ = {
			isa = PBXContainerItemProxy;
			containerPortal = E6CC77D71CE66F700046DF18 /* Project object */;
			proxyType = 1;
			remoteGlobalIDString = E6CC77DE1CE66F700046DF18;
			remoteInfo = MiniChallengeTV;
		};
		E6CC77FF1CE66F700046DF18 /* PBXContainerItemProxy */ = {
			isa = PBXContainerItemProxy;
			containerPortal = E6CC77D71CE66F700046DF18 /* Project object */;
			proxyType = 1;
			remoteGlobalIDString = E6CC77DE1CE66F700046DF18;
			remoteInfo = MiniChallengeTV;
		};
/* End PBXContainerItemProxy section */

/* Begin PBXFileReference section */
		577C250F1CED077D00360149 /* Common.swift */ = {isa = PBXFileReference; fileEncoding = 4; lastKnownFileType = sourcecode.swift; name = Common.swift; path = Models/Common.swift; sourceTree = "<group>"; };
		578A2BC81CEF8C3C0034180F /* MainViewControllerDelegate.swift */ = {isa = PBXFileReference; fileEncoding = 4; lastKnownFileType = sourcecode.swift; name = MainViewControllerDelegate.swift; path = Controllers/MainViewControllerDelegate.swift; sourceTree = "<group>"; };
		578A2BCA1CEF9FA60034180F /* ConnetionManager.swift */ = {isa = PBXFileReference; fileEncoding = 4; lastKnownFileType = sourcecode.swift; name = ConnetionManager.swift; path = Controllers/ConnetionManager.swift; sourceTree = "<group>"; };
		578E1F1C1CF36EFD00B4E51D /* ProductSplitVC.swift */ = {isa = PBXFileReference; fileEncoding = 4; lastKnownFileType = sourcecode.swift; name = ProductSplitVC.swift; path = Controllers/ProductSplitVC.swift; sourceTree = "<group>"; };
		578E1F1E1CF3726600B4E51D /* FilterSplitVC.swift */ = {isa = PBXFileReference; fileEncoding = 4; lastKnownFileType = sourcecode.swift; name = FilterSplitVC.swift; path = Controllers/FilterSplitVC.swift; sourceTree = "<group>"; };
		578FDA991CEE28A50068A6DC /* Models.swift */ = {isa = PBXFileReference; fileEncoding = 4; lastKnownFileType = sourcecode.swift; name = Models.swift; path = Models/Models.swift; sourceTree = "<group>"; };
		578FDA9B1CEE2D550068A6DC /* MainConnector.swift */ = {isa = PBXFileReference; fileEncoding = 4; lastKnownFileType = sourcecode.swift; name = MainConnector.swift; path = Controllers/MainConnector.swift; sourceTree = "<group>"; };
		578FDA9D1CEE3DC00068A6DC /* BuscapeGroupModels.swift */ = {isa = PBXFileReference; fileEncoding = 4; lastKnownFileType = sourcecode.swift; path = BuscapeGroupModels.swift; sourceTree = "<group>"; };
		57A54A691CEE4E9F006F333F /* Extensions.swift */ = {isa = PBXFileReference; fileEncoding = 4; lastKnownFileType = sourcecode.swift; path = Extensions.swift; sourceTree = "<group>"; };
		57BC8BD91CEBA9D7001AB292 /* GroupModels.swift */ = {isa = PBXFileReference; fileEncoding = 4; lastKnownFileType = sourcecode.swift; name = GroupModels.swift; path = Models/GroupModels.swift; sourceTree = "<group>"; };
		57BF64F51CEA600E00298EA2 /* BuscapeModels.swift */ = {isa = PBXFileReference; fileEncoding = 4; lastKnownFileType = sourcecode.swift; path = BuscapeModels.swift; sourceTree = "<group>"; };
		57BF64F61CEA600E00298EA2 /* BuscapeAPI.swift */ = {isa = PBXFileReference; fileEncoding = 4; lastKnownFileType = sourcecode.swift; path = BuscapeAPI.swift; sourceTree = "<group>"; };
		57BF64F71CEA600E00298EA2 /* BuscapeConnector.swift */ = {isa = PBXFileReference; fileEncoding = 4; lastKnownFileType = sourcecode.swift; path = BuscapeConnector.swift; sourceTree = "<group>"; };
		57EC6A1D1CEE553800ED0EA6 /* BuscapeParser.swift */ = {isa = PBXFileReference; fileEncoding = 4; lastKnownFileType = sourcecode.swift; path = BuscapeParser.swift; sourceTree = "<group>"; };
		E63D42CC1CEF7F1D00D574C9 /* LocalStorage.swift */ = {isa = PBXFileReference; fileEncoding = 4; lastKnownFileType = sourcecode.swift; name = LocalStorage.swift; path = Controllers/LocalStorage.swift; sourceTree = "<group>"; };
		E65B77041CEB92630054526E /* DefaultTableCell.xib */ = {isa = PBXFileReference; fileEncoding = 4; lastKnownFileType = file.xib; name = DefaultTableCell.xib; path = Views/DefaultTableCell.xib; sourceTree = "<group>"; };
		E65B77061CEBA78E0054526E /* FavoritesVC.swift */ = {isa = PBXFileReference; fileEncoding = 4; lastKnownFileType = sourcecode.swift; name = FavoritesVC.swift; path = Controllers/FavoritesVC.swift; sourceTree = "<group>"; };
		E65B77071CEBA78E0054526E /* QRCode.swift */ = {isa = PBXFileReference; fileEncoding = 4; lastKnownFileType = sourcecode.swift; name = QRCode.swift; path = Controllers/QRCode.swift; sourceTree = "<group>"; };
		E69AF0851CF3804E00E2A2B3 /* CDProduct+CoreDataProperties.swift */ = {isa = PBXFileReference; fileEncoding = 4; lastKnownFileType = sourcecode.swift; name = "CDProduct+CoreDataProperties.swift"; path = "CoreData Models/CDProduct+CoreDataProperties.swift"; sourceTree = "<group>"; };
		E69AF0861CF3804E00E2A2B3 /* CDProduct.swift */ = {isa = PBXFileReference; fileEncoding = 4; lastKnownFileType = sourcecode.swift; name = CDProduct.swift; path = "CoreData Models/CDProduct.swift"; sourceTree = "<group>"; };
		E69AF0871CF3804E00E2A2B3 /* CDFavoriteItem+CoreDataProperties.swift */ = {isa = PBXFileReference; fileEncoding = 4; lastKnownFileType = sourcecode.swift; name = "CDFavoriteItem+CoreDataProperties.swift"; path = "CoreData Models/CDFavoriteItem+CoreDataProperties.swift"; sourceTree = "<group>"; };
		E69AF0881CF3804E00E2A2B3 /* CDFavoriteItem.swift */ = {isa = PBXFileReference; fileEncoding = 4; lastKnownFileType = sourcecode.swift; name = CDFavoriteItem.swift; path = "CoreData Models/CDFavoriteItem.swift"; sourceTree = "<group>"; };
		E69AF0891CF3804E00E2A2B3 /* CDHistoricItem+CoreDataProperties.swift */ = {isa = PBXFileReference; fileEncoding = 4; lastKnownFileType = sourcecode.swift; name = "CDHistoricItem+CoreDataProperties.swift"; path = "CoreData Models/CDHistoricItem+CoreDataProperties.swift"; sourceTree = "<group>"; };
		E69AF08A1CF3804E00E2A2B3 /* CDHistoricItem.swift */ = {isa = PBXFileReference; fileEncoding = 4; lastKnownFileType = sourcecode.swift; name = CDHistoricItem.swift; path = "CoreData Models/CDHistoricItem.swift"; sourceTree = "<group>"; };
		E69AF0911CF38BD600E2A2B3 /* ProductDetailVC.swift */ = {isa = PBXFileReference; lastKnownFileType = sourcecode.swift; name = ProductDetailVC.swift; path = MiniChallengeTV/Controllers/ProductDetailVC.swift; sourceTree = "<group>"; };
		E6CC77DF1CE66F700046DF18 /* MiniChallengeTV.app */ = {isa = PBXFileReference; explicitFileType = wrapper.application; includeInIndex = 0; path = MiniChallengeTV.app; sourceTree = BUILT_PRODUCTS_DIR; };
		E6CC77E21CE66F700046DF18 /* AppDelegate.swift */ = {isa = PBXFileReference; lastKnownFileType = sourcecode.swift; path = AppDelegate.swift; sourceTree = "<group>"; };
		E6CC77E41CE66F700046DF18 /* ViewController.swift */ = {isa = PBXFileReference; lastKnownFileType = sourcecode.swift; path = ViewController.swift; sourceTree = "<group>"; };
		E6CC77E71CE66F700046DF18 /* MiniChallengeTV.xcdatamodel */ = {isa = PBXFileReference; lastKnownFileType = wrapper.xcdatamodel; path = MiniChallengeTV.xcdatamodel; sourceTree = "<group>"; };
		E6CC77EA1CE66F700046DF18 /* Base */ = {isa = PBXFileReference; lastKnownFileType = file.storyboard; name = Base; path = Base.lproj/Main.storyboard; sourceTree = "<group>"; };
		E6CC77EC1CE66F700046DF18 /* Assets.xcassets */ = {isa = PBXFileReference; lastKnownFileType = folder.assetcatalog; path = Assets.xcassets; sourceTree = "<group>"; };
		E6CC77EE1CE66F700046DF18 /* Info.plist */ = {isa = PBXFileReference; lastKnownFileType = text.plist.xml; path = Info.plist; sourceTree = "<group>"; };
		E6CC77F31CE66F700046DF18 /* MiniChallengeTVTests.xctest */ = {isa = PBXFileReference; explicitFileType = wrapper.cfbundle; includeInIndex = 0; path = MiniChallengeTVTests.xctest; sourceTree = BUILT_PRODUCTS_DIR; };
		E6CC77F71CE66F700046DF18 /* MiniChallengeTVTests.swift */ = {isa = PBXFileReference; lastKnownFileType = sourcecode.swift; path = MiniChallengeTVTests.swift; sourceTree = "<group>"; };
		E6CC77F91CE66F700046DF18 /* Info.plist */ = {isa = PBXFileReference; lastKnownFileType = text.plist.xml; path = Info.plist; sourceTree = "<group>"; };
		E6CC77FE1CE66F700046DF18 /* MiniChallengeTVUITests.xctest */ = {isa = PBXFileReference; explicitFileType = wrapper.cfbundle; includeInIndex = 0; path = MiniChallengeTVUITests.xctest; sourceTree = BUILT_PRODUCTS_DIR; };
		E6CC78021CE66F700046DF18 /* MiniChallengeTVUITests.swift */ = {isa = PBXFileReference; lastKnownFileType = sourcecode.swift; path = MiniChallengeTVUITests.swift; sourceTree = "<group>"; };
		E6CC78041CE66F700046DF18 /* Info.plist */ = {isa = PBXFileReference; lastKnownFileType = text.plist.xml; path = Info.plist; sourceTree = "<group>"; };
		E6E8ACC31CEE25DB006012E9 /* ProductSpecificationVC.swift */ = {isa = PBXFileReference; fileEncoding = 4; lastKnownFileType = sourcecode.swift; name = ProductSpecificationVC.swift; path = Controllers/ProductSpecificationVC.swift; sourceTree = "<group>"; };
		E6EF355B1CEE492200131D96 /* HistoricVC.swift */ = {isa = PBXFileReference; fileEncoding = 4; lastKnownFileType = sourcecode.swift; name = HistoricVC.swift; path = Controllers/HistoricVC.swift; sourceTree = "<group>"; };
		E6EF355D1CEE496400131D96 /* ProductDetailVC.swift */ = {isa = PBXFileReference; fileEncoding = 4; lastKnownFileType = sourcecode.swift; name = ProductDetailVC.swift; path = Controllers/ProductDetailVC.swift; sourceTree = "<group>"; };
		E6EF355F1CEE496D00131D96 /* CategoriesVC.swift */ = {isa = PBXFileReference; fileEncoding = 4; lastKnownFileType = sourcecode.swift; name = CategoriesVC.swift; path = Controllers/CategoriesVC.swift; sourceTree = "<group>"; };
		E6EF35611CEE49EA00131D96 /* TopProductsVC.swift */ = {isa = PBXFileReference; fileEncoding = 4; lastKnownFileType = sourcecode.swift; name = TopProductsVC.swift; path = Controllers/TopProductsVC.swift; sourceTree = "<group>"; };
		E6EF35631CEE4A3000131D96 /* GenericCollectionCell.swift */ = {isa = PBXFileReference; fileEncoding = 4; lastKnownFileType = sourcecode.swift; name = GenericCollectionCell.swift; path = Views/GenericCollectionCell.swift; sourceTree = "<group>"; };
		E6EF35651CEE4AA000131D96 /* GenericTableCell.swift */ = {isa = PBXFileReference; fileEncoding = 4; lastKnownFileType = sourcecode.swift; name = GenericTableCell.swift; path = Views/GenericTableCell.swift; sourceTree = "<group>"; };
		E6EF35671CEE4E0300131D96 /* FilterOptionsVC.swift */ = {isa = PBXFileReference; fileEncoding = 4; lastKnownFileType = sourcecode.swift; name = FilterOptionsVC.swift; path = Controllers/FilterOptionsVC.swift; sourceTree = "<group>"; };
		E6EF356A1CEE4E2900131D96 /* FilterResultsVC.swift */ = {isa = PBXFileReference; fileEncoding = 4; lastKnownFileType = sourcecode.swift; name = FilterResultsVC.swift; path = Controllers/FilterResultsVC.swift; sourceTree = "<group>"; };
		E6EF356E1CEE4F9B00131D96 /* DefaultCollectionCell.xib */ = {isa = PBXFileReference; fileEncoding = 4; lastKnownFileType = file.xib; name = DefaultCollectionCell.xib; path = Views/DefaultCollectionCell.xib; sourceTree = "<group>"; };
		E6F7608F1CEA543B0099B5A6 /* CoreDataManager.swift */ = {isa = PBXFileReference; lastKnownFileType = sourcecode.swift; name = CoreDataManager.swift; path = MiniChallengeTV/CoreDataManager.swift; sourceTree = "<group>"; };
/* End PBXFileReference section */

/* Begin PBXFrameworksBuildPhase section */
		E6CC77DC1CE66F700046DF18 /* Frameworks */ = {
			isa = PBXFrameworksBuildPhase;
			buildActionMask = 2147483647;
			files = (
			);
			runOnlyForDeploymentPostprocessing = 0;
		};
		E6CC77F01CE66F700046DF18 /* Frameworks */ = {
			isa = PBXFrameworksBuildPhase;
			buildActionMask = 2147483647;
			files = (
			);
			runOnlyForDeploymentPostprocessing = 0;
		};
		E6CC77FB1CE66F700046DF18 /* Frameworks */ = {
			isa = PBXFrameworksBuildPhase;
			buildActionMask = 2147483647;
			files = (
			);
			runOnlyForDeploymentPostprocessing = 0;
		};
/* End PBXFrameworksBuildPhase section */

/* Begin PBXGroup section */
		578E1F1A1CF36B4700B4E51D /* Manager */ = {
			isa = PBXGroup;
			children = (
				578A2BCA1CEF9FA60034180F /* ConnetionManager.swift */,
				578FDA9B1CEE2D550068A6DC /* MainConnector.swift */,
				E63D42CC1CEF7F1D00D574C9 /* LocalStorage.swift */,
			);
			name = Manager;
			sourceTree = "<group>";
		};
		578E1F1B1CF36B6000B4E51D /* View Controllers */ = {
			isa = PBXGroup;
			children = (
				E6EF35691CEE4E0700131D96 /* Search */,
				E6E8ACC21CEE25BA006012E9 /* Product */,
				E6EF35611CEE49EA00131D96 /* TopProductsVC.swift */,
				E6EF355F1CEE496D00131D96 /* CategoriesVC.swift */,
				E65B77061CEBA78E0054526E /* FavoritesVC.swift */,
				E6EF355B1CEE492200131D96 /* HistoricVC.swift */,
			);
			name = "View Controllers";
			sourceTree = "<group>";
		};
		57BF64F41CEA600E00298EA2 /* API Buscape */ = {
			isa = PBXGroup;
			children = (
				57BF64F51CEA600E00298EA2 /* BuscapeModels.swift */,
				578FDA9D1CEE3DC00068A6DC /* BuscapeGroupModels.swift */,
				57BF64F61CEA600E00298EA2 /* BuscapeAPI.swift */,
				57BF64F71CEA600E00298EA2 /* BuscapeConnector.swift */,
				57EC6A1D1CEE553800ED0EA6 /* BuscapeParser.swift */,
			);
			path = "API Buscape";
			sourceTree = "<group>";
		};
		E69AF0601CF376A600E2A2B3 /* Core Data */ = {
			isa = PBXGroup;
			children = (
				E69AF0851CF3804E00E2A2B3 /* CDProduct+CoreDataProperties.swift */,
				E69AF0861CF3804E00E2A2B3 /* CDProduct.swift */,
				E69AF0871CF3804E00E2A2B3 /* CDFavoriteItem+CoreDataProperties.swift */,
				E69AF0881CF3804E00E2A2B3 /* CDFavoriteItem.swift */,
				E69AF0891CF3804E00E2A2B3 /* CDHistoricItem+CoreDataProperties.swift */,
				E69AF08A1CF3804E00E2A2B3 /* CDHistoricItem.swift */,
			);
			name = "Core Data";
			sourceTree = "<group>";
		};
		E6CC77D61CE66F700046DF18 = {
			isa = PBXGroup;
			children = (
				E69AF0911CF38BD600E2A2B3 /* ProductDetailVC.swift */,
				E6F7608F1CEA543B0099B5A6 /* CoreDataManager.swift */,
				E6CC77E11CE66F700046DF18 /* MiniChallengeTV */,
				E6CC77F61CE66F700046DF18 /* MiniChallengeTVTests */,
				E6CC78011CE66F700046DF18 /* MiniChallengeTVUITests */,
				E6CC77E01CE66F700046DF18 /* Products */,
			);
			sourceTree = "<group>";
		};
		E6CC77E01CE66F700046DF18 /* Products */ = {
			isa = PBXGroup;
			children = (
				E6CC77DF1CE66F700046DF18 /* MiniChallengeTV.app */,
				E6CC77F31CE66F700046DF18 /* MiniChallengeTVTests.xctest */,
				E6CC77FE1CE66F700046DF18 /* MiniChallengeTVUITests.xctest */,
			);
			name = Products;
			sourceTree = "<group>";
		};
		E6CC77E11CE66F700046DF18 /* MiniChallengeTV */ = {
			isa = PBXGroup;
			children = (
				E6CC77E21CE66F700046DF18 /* AppDelegate.swift */,
				E6CC77E41CE66F700046DF18 /* ViewController.swift */,
				E6CC77E91CE66F700046DF18 /* Main.storyboard */,
				E6CC77EC1CE66F700046DF18 /* Assets.xcassets */,
				E6CC77EE1CE66F700046DF18 /* Info.plist */,
				E6CC77E61CE66F700046DF18 /* MiniChallengeTV.xcdatamodeld */,
				57A54A691CEE4E9F006F333F /* Extensions.swift */,
				E6F760881CEA383D0099B5A6 /* Models */,
				E6F760891CEA38440099B5A6 /* Views */,
				E6F7608A1CEA38490099B5A6 /* Controllers */,
				57BF64F41CEA600E00298EA2 /* API Buscape */,
			);
			path = MiniChallengeTV;
			sourceTree = "<group>";
		};
		E6CC77F61CE66F700046DF18 /* MiniChallengeTVTests */ = {
			isa = PBXGroup;
			children = (
				E6CC77F71CE66F700046DF18 /* MiniChallengeTVTests.swift */,
				E6CC77F91CE66F700046DF18 /* Info.plist */,
			);
			path = MiniChallengeTVTests;
			sourceTree = "<group>";
		};
		E6CC78011CE66F700046DF18 /* MiniChallengeTVUITests */ = {
			isa = PBXGroup;
			children = (
				E6CC78021CE66F700046DF18 /* MiniChallengeTVUITests.swift */,
				E6CC78041CE66F700046DF18 /* Info.plist */,
			);
			path = MiniChallengeTVUITests;
			sourceTree = "<group>";
		};
		E6E8ACC21CEE25BA006012E9 /* Product */ = {
			isa = PBXGroup;
			children = (
				578E1F1C1CF36EFD00B4E51D /* ProductSplitVC.swift */,
				E6EF355D1CEE496400131D96 /* ProductDetailVC.swift */,
				E6E8ACC31CEE25DB006012E9 /* ProductSpecificationVC.swift */,
			);
			name = Product;
			sourceTree = "<group>";
		};
		E6EF35691CEE4E0700131D96 /* Search */ = {
			isa = PBXGroup;
			children = (
				578E1F1E1CF3726600B4E51D /* FilterSplitVC.swift */,
				E6EF35671CEE4E0300131D96 /* FilterOptionsVC.swift */,
				E6EF356A1CEE4E2900131D96 /* FilterResultsVC.swift */,
			);
			name = Search;
			sourceTree = "<group>";
		};
		E6F760881CEA383D0099B5A6 /* Models */ = {
			isa = PBXGroup;
			children = (
				E69AF0601CF376A600E2A2B3 /* Core Data */,
				577C250F1CED077D00360149 /* Common.swift */,
				578FDA991CEE28A50068A6DC /* Models.swift */,
				57BC8BD91CEBA9D7001AB292 /* GroupModels.swift */,
			);
			name = Models;
			sourceTree = "<group>";
		};
		E6F760891CEA38440099B5A6 /* Views */ = {
			isa = PBXGroup;
			children = (
				E6EF35631CEE4A3000131D96 /* GenericCollectionCell.swift */,
				E6EF35651CEE4AA000131D96 /* GenericTableCell.swift */,
				E65B77041CEB92630054526E /* DefaultTableCell.xib */,
				E6EF356E1CEE4F9B00131D96 /* DefaultCollectionCell.xib */,
			);
			name = Views;
			sourceTree = "<group>";
		};
		E6F7608A1CEA38490099B5A6 /* Controllers */ = {
			isa = PBXGroup;
			children = (
				578E1F1B1CF36B6000B4E51D /* View Controllers */,
				578E1F1A1CF36B4700B4E51D /* Manager */,
				E65B77071CEBA78E0054526E /* QRCode.swift */,
				578A2BC81CEF8C3C0034180F /* MainViewControllerDelegate.swift */,
			);
			name = Controllers;
			sourceTree = "<group>";
		};
/* End PBXGroup section */

/* Begin PBXNativeTarget section */
		E6CC77DE1CE66F700046DF18 /* MiniChallengeTV */ = {
			isa = PBXNativeTarget;
			buildConfigurationList = E6CC78071CE66F700046DF18 /* Build configuration list for PBXNativeTarget "MiniChallengeTV" */;
			buildPhases = (
				E6CC77DB1CE66F700046DF18 /* Sources */,
				E6CC77DC1CE66F700046DF18 /* Frameworks */,
				E6CC77DD1CE66F700046DF18 /* Resources */,
			);
			buildRules = (
			);
			dependencies = (
			);
			name = MiniChallengeTV;
			productName = MiniChallengeTV;
			productReference = E6CC77DF1CE66F700046DF18 /* MiniChallengeTV.app */;
			productType = "com.apple.product-type.application";
		};
		E6CC77F21CE66F700046DF18 /* MiniChallengeTVTests */ = {
			isa = PBXNativeTarget;
			buildConfigurationList = E6CC780A1CE66F700046DF18 /* Build configuration list for PBXNativeTarget "MiniChallengeTVTests" */;
			buildPhases = (
				E6CC77EF1CE66F700046DF18 /* Sources */,
				E6CC77F01CE66F700046DF18 /* Frameworks */,
				E6CC77F11CE66F700046DF18 /* Resources */,
			);
			buildRules = (
			);
			dependencies = (
				E6CC77F51CE66F700046DF18 /* PBXTargetDependency */,
			);
			name = MiniChallengeTVTests;
			productName = MiniChallengeTVTests;
			productReference = E6CC77F31CE66F700046DF18 /* MiniChallengeTVTests.xctest */;
			productType = "com.apple.product-type.bundle.unit-test";
		};
		E6CC77FD1CE66F700046DF18 /* MiniChallengeTVUITests */ = {
			isa = PBXNativeTarget;
			buildConfigurationList = E6CC780D1CE66F700046DF18 /* Build configuration list for PBXNativeTarget "MiniChallengeTVUITests" */;
			buildPhases = (
				E6CC77FA1CE66F700046DF18 /* Sources */,
				E6CC77FB1CE66F700046DF18 /* Frameworks */,
				E6CC77FC1CE66F700046DF18 /* Resources */,
			);
			buildRules = (
			);
			dependencies = (
				E6CC78001CE66F700046DF18 /* PBXTargetDependency */,
			);
			name = MiniChallengeTVUITests;
			productName = MiniChallengeTVUITests;
			productReference = E6CC77FE1CE66F700046DF18 /* MiniChallengeTVUITests.xctest */;
			productType = "com.apple.product-type.bundle.ui-testing";
		};
/* End PBXNativeTarget section */

/* Begin PBXProject section */
		E6CC77D71CE66F700046DF18 /* Project object */ = {
			isa = PBXProject;
			attributes = {
				LastSwiftUpdateCheck = 0730;
				LastUpgradeCheck = 0730;
				ORGANIZATIONNAME = BEPiD;
				TargetAttributes = {
					E6CC77DE1CE66F700046DF18 = {
						CreatedOnToolsVersion = 7.3.1;
					};
					E6CC77F21CE66F700046DF18 = {
						CreatedOnToolsVersion = 7.3.1;
						TestTargetID = E6CC77DE1CE66F700046DF18;
					};
					E6CC77FD1CE66F700046DF18 = {
						CreatedOnToolsVersion = 7.3.1;
						TestTargetID = E6CC77DE1CE66F700046DF18;
					};
				};
			};
			buildConfigurationList = E6CC77DA1CE66F700046DF18 /* Build configuration list for PBXProject "MiniChallengeTV" */;
			compatibilityVersion = "Xcode 3.2";
			developmentRegion = English;
			hasScannedForEncodings = 0;
			knownRegions = (
				en,
				Base,
			);
			mainGroup = E6CC77D61CE66F700046DF18;
			productRefGroup = E6CC77E01CE66F700046DF18 /* Products */;
			projectDirPath = "";
			projectRoot = "";
			targets = (
				E6CC77DE1CE66F700046DF18 /* MiniChallengeTV */,
				E6CC77F21CE66F700046DF18 /* MiniChallengeTVTests */,
				E6CC77FD1CE66F700046DF18 /* MiniChallengeTVUITests */,
			);
		};
/* End PBXProject section */

/* Begin PBXResourcesBuildPhase section */
		E6CC77DD1CE66F700046DF18 /* Resources */ = {
			isa = PBXResourcesBuildPhase;
			buildActionMask = 2147483647;
			files = (
				E6CC77ED1CE66F700046DF18 /* Assets.xcassets in Resources */,
				E65B77051CEB92630054526E /* DefaultTableCell.xib in Resources */,
				E6CC77EB1CE66F700046DF18 /* Main.storyboard in Resources */,
				E6EF356F1CEE4F9B00131D96 /* DefaultCollectionCell.xib in Resources */,
			);
			runOnlyForDeploymentPostprocessing = 0;
		};
		E6CC77F11CE66F700046DF18 /* Resources */ = {
			isa = PBXResourcesBuildPhase;
			buildActionMask = 2147483647;
			files = (
			);
			runOnlyForDeploymentPostprocessing = 0;
		};
		E6CC77FC1CE66F700046DF18 /* Resources */ = {
			isa = PBXResourcesBuildPhase;
			buildActionMask = 2147483647;
			files = (
			);
			runOnlyForDeploymentPostprocessing = 0;
		};
/* End PBXResourcesBuildPhase section */

/* Begin PBXSourcesBuildPhase section */
		E6CC77DB1CE66F700046DF18 /* Sources */ = {
			isa = PBXSourcesBuildPhase;
			buildActionMask = 2147483647;
			files = (
				E69AF0921CF38BD600E2A2B3 /* ProductDetailVC.swift in Sources */,
				57BF64F91CEA600E00298EA2 /* BuscapeModels.swift in Sources */,
				57A54A6A1CEE4E9F006F333F /* Extensions.swift in Sources */,
				E6EF356B1CEE4E2900131D96 /* FilterResultsVC.swift in Sources */,
				578E1F1D1CF36EFD00B4E51D /* ProductSplitVC.swift in Sources */,
				E6F760901CEA543B0099B5A6 /* CoreDataManager.swift in Sources */,
				E6CC77E51CE66F700046DF18 /* ViewController.swift in Sources */,
				577C25101CED077D00360149 /* Common.swift in Sources */,
				E69AF08B1CF3804E00E2A2B3 /* CDProduct+CoreDataProperties.swift in Sources */,
				57BF64FA1CEA600E00298EA2 /* BuscapeAPI.swift in Sources */,
				E69AF08D1CF3804E00E2A2B3 /* CDFavoriteItem+CoreDataProperties.swift in Sources */,
				E6EF35621CEE49EA00131D96 /* TopProductsVC.swift in Sources */,
				E6EF35601CEE496D00131D96 /* CategoriesVC.swift in Sources */,
				578A2BCB1CEF9FA60034180F /* ConnetionManager.swift in Sources */,
				E6CC77E81CE66F700046DF18 /* MiniChallengeTV.xcdatamodeld in Sources */,
				57EC6A1E1CEE553800ED0EA6 /* BuscapeParser.swift in Sources */,
				578E1F1F1CF3726600B4E51D /* FilterSplitVC.swift in Sources */,
				57BC8BDA1CEBA9D7001AB292 /* GroupModels.swift in Sources */,
				E69AF0901CF3804E00E2A2B3 /* CDHistoricItem.swift in Sources */,
				578FDA9C1CEE2D550068A6DC /* MainConnector.swift in Sources */,
				E69AF08C1CF3804E00E2A2B3 /* CDProduct.swift in Sources */,
				578A2BC91CEF8C3C0034180F /* MainViewControllerDelegate.swift in Sources */,
				E69AF08E1CF3804E00E2A2B3 /* CDFavoriteItem.swift in Sources */,
				E6CC77E31CE66F700046DF18 /* AppDelegate.swift in Sources */,
				578FDA9E1CEE3DC00068A6DC /* BuscapeGroupModels.swift in Sources */,
				E6EF35681CEE4E0300131D96 /* FilterOptionsVC.swift in Sources */,
				E6EF35641CEE4A3000131D96 /* GenericCollectionCell.swift in Sources */,
				E63D42CD1CEF7F1D00D574C9 /* LocalStorage.swift in Sources */,
				E65B77081CEBA78E0054526E /* FavoritesVC.swift in Sources */,
				E6EF355C1CEE492200131D96 /* HistoricVC.swift in Sources */,
				E65B77091CEBA78E0054526E /* QRCode.swift in Sources */,
				E69AF08F1CF3804E00E2A2B3 /* CDHistoricItem+CoreDataProperties.swift in Sources */,
				578FDA9A1CEE28A50068A6DC /* Models.swift in Sources */,
				57BF64FB1CEA600E00298EA2 /* BuscapeConnector.swift in Sources */,
				E6E8ACC41CEE25DB006012E9 /* ProductSpecificationVC.swift in Sources */,
				E6EF35661CEE4AA000131D96 /* GenericTableCell.swift in Sources */,
			);
			runOnlyForDeploymentPostprocessing = 0;
		};
		E6CC77EF1CE66F700046DF18 /* Sources */ = {
			isa = PBXSourcesBuildPhase;
			buildActionMask = 2147483647;
			files = (
				E6CC77F81CE66F700046DF18 /* MiniChallengeTVTests.swift in Sources */,
			);
			runOnlyForDeploymentPostprocessing = 0;
		};
		E6CC77FA1CE66F700046DF18 /* Sources */ = {
			isa = PBXSourcesBuildPhase;
			buildActionMask = 2147483647;
			files = (
				E6CC78031CE66F700046DF18 /* MiniChallengeTVUITests.swift in Sources */,
			);
			runOnlyForDeploymentPostprocessing = 0;
		};
/* End PBXSourcesBuildPhase section */

/* Begin PBXTargetDependency section */
		E6CC77F51CE66F700046DF18 /* PBXTargetDependency */ = {
			isa = PBXTargetDependency;
			target = E6CC77DE1CE66F700046DF18 /* MiniChallengeTV */;
			targetProxy = E6CC77F41CE66F700046DF18 /* PBXContainerItemProxy */;
		};
		E6CC78001CE66F700046DF18 /* PBXTargetDependency */ = {
			isa = PBXTargetDependency;
			target = E6CC77DE1CE66F700046DF18 /* MiniChallengeTV */;
			targetProxy = E6CC77FF1CE66F700046DF18 /* PBXContainerItemProxy */;
		};
/* End PBXTargetDependency section */

/* Begin PBXVariantGroup section */
		E6CC77E91CE66F700046DF18 /* Main.storyboard */ = {
			isa = PBXVariantGroup;
			children = (
				E6CC77EA1CE66F700046DF18 /* Base */,
			);
			name = Main.storyboard;
			sourceTree = "<group>";
		};
/* End PBXVariantGroup section */

/* Begin XCBuildConfiguration section */
		E6CC78051CE66F700046DF18 /* Debug */ = {
			isa = XCBuildConfiguration;
			buildSettings = {
				ALWAYS_SEARCH_USER_PATHS = NO;
				CLANG_ANALYZER_NONNULL = YES;
				CLANG_CXX_LANGUAGE_STANDARD = "gnu++0x";
				CLANG_CXX_LIBRARY = "libc++";
				CLANG_ENABLE_MODULES = YES;
				CLANG_ENABLE_OBJC_ARC = YES;
				CLANG_WARN_BOOL_CONVERSION = YES;
				CLANG_WARN_CONSTANT_CONVERSION = YES;
				CLANG_WARN_DIRECT_OBJC_ISA_USAGE = YES_ERROR;
				CLANG_WARN_EMPTY_BODY = YES;
				CLANG_WARN_ENUM_CONVERSION = YES;
				CLANG_WARN_INT_CONVERSION = YES;
				CLANG_WARN_OBJC_ROOT_CLASS = YES_ERROR;
				CLANG_WARN_UNREACHABLE_CODE = YES;
				CLANG_WARN__DUPLICATE_METHOD_MATCH = YES;
				COPY_PHASE_STRIP = NO;
				DEBUG_INFORMATION_FORMAT = dwarf;
				ENABLE_STRICT_OBJC_MSGSEND = YES;
				ENABLE_TESTABILITY = YES;
				GCC_C_LANGUAGE_STANDARD = gnu99;
				GCC_DYNAMIC_NO_PIC = NO;
				GCC_NO_COMMON_BLOCKS = YES;
				GCC_OPTIMIZATION_LEVEL = 0;
				GCC_PREPROCESSOR_DEFINITIONS = (
					"DEBUG=1",
					"$(inherited)",
				);
				GCC_WARN_64_TO_32_BIT_CONVERSION = YES;
				GCC_WARN_ABOUT_RETURN_TYPE = YES_ERROR;
				GCC_WARN_UNDECLARED_SELECTOR = YES;
				GCC_WARN_UNINITIALIZED_AUTOS = YES_AGGRESSIVE;
				GCC_WARN_UNUSED_FUNCTION = YES;
				GCC_WARN_UNUSED_VARIABLE = YES;
				MTL_ENABLE_DEBUG_INFO = YES;
				ONLY_ACTIVE_ARCH = YES;
				SDKROOT = appletvos;
				SWIFT_OPTIMIZATION_LEVEL = "-Onone";
				TARGETED_DEVICE_FAMILY = 3;
				TVOS_DEPLOYMENT_TARGET = 9.2;
			};
			name = Debug;
		};
		E6CC78061CE66F700046DF18 /* Release */ = {
			isa = XCBuildConfiguration;
			buildSettings = {
				ALWAYS_SEARCH_USER_PATHS = NO;
				CLANG_ANALYZER_NONNULL = YES;
				CLANG_CXX_LANGUAGE_STANDARD = "gnu++0x";
				CLANG_CXX_LIBRARY = "libc++";
				CLANG_ENABLE_MODULES = YES;
				CLANG_ENABLE_OBJC_ARC = YES;
				CLANG_WARN_BOOL_CONVERSION = YES;
				CLANG_WARN_CONSTANT_CONVERSION = YES;
				CLANG_WARN_DIRECT_OBJC_ISA_USAGE = YES_ERROR;
				CLANG_WARN_EMPTY_BODY = YES;
				CLANG_WARN_ENUM_CONVERSION = YES;
				CLANG_WARN_INT_CONVERSION = YES;
				CLANG_WARN_OBJC_ROOT_CLASS = YES_ERROR;
				CLANG_WARN_UNREACHABLE_CODE = YES;
				CLANG_WARN__DUPLICATE_METHOD_MATCH = YES;
				COPY_PHASE_STRIP = NO;
				DEBUG_INFORMATION_FORMAT = "dwarf-with-dsym";
				ENABLE_NS_ASSERTIONS = NO;
				ENABLE_STRICT_OBJC_MSGSEND = YES;
				GCC_C_LANGUAGE_STANDARD = gnu99;
				GCC_NO_COMMON_BLOCKS = YES;
				GCC_WARN_64_TO_32_BIT_CONVERSION = YES;
				GCC_WARN_ABOUT_RETURN_TYPE = YES_ERROR;
				GCC_WARN_UNDECLARED_SELECTOR = YES;
				GCC_WARN_UNINITIALIZED_AUTOS = YES_AGGRESSIVE;
				GCC_WARN_UNUSED_FUNCTION = YES;
				GCC_WARN_UNUSED_VARIABLE = YES;
				MTL_ENABLE_DEBUG_INFO = NO;
				SDKROOT = appletvos;
				TARGETED_DEVICE_FAMILY = 3;
				TVOS_DEPLOYMENT_TARGET = 9.2;
				VALIDATE_PRODUCT = YES;
			};
			name = Release;
		};
		E6CC78081CE66F700046DF18 /* Debug */ = {
			isa = XCBuildConfiguration;
			buildSettings = {
				ASSETCATALOG_COMPILER_APPICON_NAME = "App Icon & Top Shelf Image";
				ASSETCATALOG_COMPILER_LAUNCHIMAGE_NAME = LaunchImage;
				INFOPLIST_FILE = MiniChallengeTV/Info.plist;
				LD_RUNPATH_SEARCH_PATHS = "$(inherited) @executable_path/Frameworks";
				PRODUCT_BUNDLE_IDENTIFIER = BEPiD.MiniChallengeTV;
				PRODUCT_NAME = "$(TARGET_NAME)";
			};
			name = Debug;
		};
		E6CC78091CE66F700046DF18 /* Release */ = {
			isa = XCBuildConfiguration;
			buildSettings = {
				ASSETCATALOG_COMPILER_APPICON_NAME = "App Icon & Top Shelf Image";
				ASSETCATALOG_COMPILER_LAUNCHIMAGE_NAME = LaunchImage;
				INFOPLIST_FILE = MiniChallengeTV/Info.plist;
				LD_RUNPATH_SEARCH_PATHS = "$(inherited) @executable_path/Frameworks";
				PRODUCT_BUNDLE_IDENTIFIER = BEPiD.MiniChallengeTV;
				PRODUCT_NAME = "$(TARGET_NAME)";
			};
			name = Release;
		};
		E6CC780B1CE66F700046DF18 /* Debug */ = {
			isa = XCBuildConfiguration;
			buildSettings = {
				BUNDLE_LOADER = "$(TEST_HOST)";
				INFOPLIST_FILE = MiniChallengeTVTests/Info.plist;
				LD_RUNPATH_SEARCH_PATHS = "$(inherited) @executable_path/Frameworks @loader_path/Frameworks";
				PRODUCT_BUNDLE_IDENTIFIER = BEPiD.MiniChallengeTVTests;
				PRODUCT_NAME = "$(TARGET_NAME)";
				TEST_HOST = "$(BUILT_PRODUCTS_DIR)/MiniChallengeTV.app/MiniChallengeTV";
			};
			name = Debug;
		};
		E6CC780C1CE66F700046DF18 /* Release */ = {
			isa = XCBuildConfiguration;
			buildSettings = {
				BUNDLE_LOADER = "$(TEST_HOST)";
				INFOPLIST_FILE = MiniChallengeTVTests/Info.plist;
				LD_RUNPATH_SEARCH_PATHS = "$(inherited) @executable_path/Frameworks @loader_path/Frameworks";
				PRODUCT_BUNDLE_IDENTIFIER = BEPiD.MiniChallengeTVTests;
				PRODUCT_NAME = "$(TARGET_NAME)";
				TEST_HOST = "$(BUILT_PRODUCTS_DIR)/MiniChallengeTV.app/MiniChallengeTV";
			};
			name = Release;
		};
		E6CC780E1CE66F700046DF18 /* Debug */ = {
			isa = XCBuildConfiguration;
			buildSettings = {
				INFOPLIST_FILE = MiniChallengeTVUITests/Info.plist;
				LD_RUNPATH_SEARCH_PATHS = "$(inherited) @executable_path/Frameworks @loader_path/Frameworks";
				PRODUCT_BUNDLE_IDENTIFIER = BEPiD.MiniChallengeTVUITests;
				PRODUCT_NAME = "$(TARGET_NAME)";
				TEST_TARGET_NAME = MiniChallengeTV;
			};
			name = Debug;
		};
		E6CC780F1CE66F700046DF18 /* Release */ = {
			isa = XCBuildConfiguration;
			buildSettings = {
				INFOPLIST_FILE = MiniChallengeTVUITests/Info.plist;
				LD_RUNPATH_SEARCH_PATHS = "$(inherited) @executable_path/Frameworks @loader_path/Frameworks";
				PRODUCT_BUNDLE_IDENTIFIER = BEPiD.MiniChallengeTVUITests;
				PRODUCT_NAME = "$(TARGET_NAME)";
				TEST_TARGET_NAME = MiniChallengeTV;
			};
			name = Release;
		};
/* End XCBuildConfiguration section */

/* Begin XCConfigurationList section */
		E6CC77DA1CE66F700046DF18 /* Build configuration list for PBXProject "MiniChallengeTV" */ = {
			isa = XCConfigurationList;
			buildConfigurations = (
				E6CC78051CE66F700046DF18 /* Debug */,
				E6CC78061CE66F700046DF18 /* Release */,
			);
			defaultConfigurationIsVisible = 0;
			defaultConfigurationName = Release;
		};
		E6CC78071CE66F700046DF18 /* Build configuration list for PBXNativeTarget "MiniChallengeTV" */ = {
			isa = XCConfigurationList;
			buildConfigurations = (
				E6CC78081CE66F700046DF18 /* Debug */,
				E6CC78091CE66F700046DF18 /* Release */,
			);
			defaultConfigurationIsVisible = 0;
			defaultConfigurationName = Release;
		};
		E6CC780A1CE66F700046DF18 /* Build configuration list for PBXNativeTarget "MiniChallengeTVTests" */ = {
			isa = XCConfigurationList;
			buildConfigurations = (
				E6CC780B1CE66F700046DF18 /* Debug */,
				E6CC780C1CE66F700046DF18 /* Release */,
			);
			defaultConfigurationIsVisible = 0;
			defaultConfigurationName = Release;
		};
		E6CC780D1CE66F700046DF18 /* Build configuration list for PBXNativeTarget "MiniChallengeTVUITests" */ = {
			isa = XCConfigurationList;
			buildConfigurations = (
				E6CC780E1CE66F700046DF18 /* Debug */,
				E6CC780F1CE66F700046DF18 /* Release */,
			);
			defaultConfigurationIsVisible = 0;
			defaultConfigurationName = Release;
		};
/* End XCConfigurationList section */

/* Begin XCVersionGroup section */
		E6CC77E61CE66F700046DF18 /* MiniChallengeTV.xcdatamodeld */ = {
			isa = XCVersionGroup;
			children = (
				E6CC77E71CE66F700046DF18 /* MiniChallengeTV.xcdatamodel */,
			);
			currentVersion = E6CC77E71CE66F700046DF18 /* MiniChallengeTV.xcdatamodel */;
			path = MiniChallengeTV.xcdatamodeld;
			sourceTree = "<group>";
			versionGroupType = wrapper.xcdatamodel;
		};
/* End XCVersionGroup section */
	};
	rootObject = E6CC77D71CE66F700046DF18 /* Project object */;
}
